
Microsoft Visual Studio Solution File, Format Version 12.00
# Visual Studio Version 17
VisualStudioVersion = 17.8.34322.80
MinimumVisualStudioVersion = 10.0.40219.1
Project("{FAE04EC0-301F-11D3-BF4B-00C04F79EFBC}") = "CozyHaven", "CozyHaven.csproj", "{14A3D541-DC53-47C8-AE33-BAEF8D4BDA2E}"
EndProject
Global
	GlobalSection(SolutionConfigurationPlatforms) = preSolution
		Debug|Any CPU = Debug|Any CPU
		Release|Any CPU = Release|Any CPU
	EndGlobalSection
	GlobalSection(ProjectConfigurationPlatforms) = postSolution
		{14A3D541-DC53-47C8-AE33-BAEF8D4BDA2E}.Debug|Any CPU.ActiveCfg = Debug|Any CPU
		{14A3D541-DC53-47C8-AE33-BAEF8D4BDA2E}.Debug|Any CPU.Build.0 = Debug|Any CPU
		{14A3D541-DC53-47C8-AE33-BAEF8D4BDA2E}.Release|Any CPU.ActiveCfg = Release|Any CPU
		{14A3D541-DC53-47C8-AE33-BAEF8D4BDA2E}.Release|Any CPU.Build.0 = Release|Any CPU
	EndGlobalSection
	GlobalSection(SolutionProperties) = preSolution
		HideSolutionNode = FALSE
	EndGlobalSection
	GlobalSection(ExtensibilityGlobals) = postSolution
		SolutionGuid = {0B4EC02A-151A-4846-9C35-BEA9BC10AA14}
	EndGlobalSection
EndGlobal
